
Microsoft Visual Studio Solution File, Format Version 12.00
# Visual Studio Version 17
VisualStudioVersion = 17.1.32407.343
MinimumVisualStudioVersion = 10.0.40219.1
Project("{FAE04EC0-301F-11D3-BF4B-00C04F79EFBC}") = "FinalPlugin", "FinalPlugin\FinalPlugin.csproj", "{C6A54A78-0554-404F-9924-82C223ED3893}"
EndProject
Global
	GlobalSection(SolutionConfigurationPlatforms) = preSolution
		Debug|Any CPU = Debug|Any CPU
		Release|Any CPU = Release|Any CPU
	EndGlobalSection
	GlobalSection(ProjectConfigurationPlatforms) = postSolution
		{C6A54A78-0554-404F-9924-82C223ED3893}.Debug|Any CPU.ActiveCfg = Debug|Any CPU
		{C6A54A78-0554-404F-9924-82C223ED3893}.Debug|Any CPU.Build.0 = Debug|Any CPU
		{C6A54A78-0554-404F-9924-82C223ED3893}.Release|Any CPU.ActiveCfg = Release|Any CPU
		{C6A54A78-0554-404F-9924-82C223ED3893}.Release|Any CPU.Build.0 = Release|Any CPU
	EndGlobalSection
	GlobalSection(SolutionProperties) = preSolution
		HideSolutionNode = FALSE
	EndGlobalSection
	GlobalSection(ExtensibilityGlobals) = postSolution
		SolutionGuid = {161FD554-5C11-4FFB-8C4B-EC7FFD895DAC}
	EndGlobalSection
EndGlobal
